
Microsoft Visual Studio Solution File, Format Version 12.00
# Visual Studio 15
VisualStudioVersion = 15.0.27703.2035
MinimumVisualStudioVersion = 10.0.40219.1
Project("{9A19103F-16F7-4668-BE54-9A1E7A4F7556}") = "BlazorChess.Server", "BlazorChess.Server\BlazorChess.Server.csproj", "{458BA8A7-A05E-4BFC-BEEE-8788C18D8158}"
EndProject
Project("{9A19103F-16F7-4668-BE54-9A1E7A4F7556}") = "BlazorChess.Client", "BlazorChess.Client\BlazorChess.Client.csproj", "{D01BD3CE-65BC-4D7C-9B3C-DD2E23AC6C68}"
EndProject
Project("{9A19103F-16F7-4668-BE54-9A1E7A4F7556}") = "BlazorChess.Shared", "BlazorChess.Shared\BlazorChess.Shared.csproj", "{2EBD12FA-513A-4316-A03F-BDF709F4D711}"
EndProject
Global
	GlobalSection(SolutionConfigurationPlatforms) = preSolution
		Debug|Any CPU = Debug|Any CPU
		Release|Any CPU = Release|Any CPU
	EndGlobalSection
	GlobalSection(ProjectConfigurationPlatforms) = postSolution
		{458BA8A7-A05E-4BFC-BEEE-8788C18D8158}.Debug|Any CPU.ActiveCfg = Debug|Any CPU
		{458BA8A7-A05E-4BFC-BEEE-8788C18D8158}.Debug|Any CPU.Build.0 = Debug|Any CPU
		{458BA8A7-A05E-4BFC-BEEE-8788C18D8158}.Release|Any CPU.ActiveCfg = Release|Any CPU
		{458BA8A7-A05E-4BFC-BEEE-8788C18D8158}.Release|Any CPU.Build.0 = Release|Any CPU
		{D01BD3CE-65BC-4D7C-9B3C-DD2E23AC6C68}.Debug|Any CPU.ActiveCfg = Debug|Any CPU
		{D01BD3CE-65BC-4D7C-9B3C-DD2E23AC6C68}.Debug|Any CPU.Build.0 = Debug|Any CPU
		{D01BD3CE-65BC-4D7C-9B3C-DD2E23AC6C68}.Release|Any CPU.ActiveCfg = Release|Any CPU
		{D01BD3CE-65BC-4D7C-9B3C-DD2E23AC6C68}.Release|Any CPU.Build.0 = Release|Any CPU
		{2EBD12FA-513A-4316-A03F-BDF709F4D711}.Debug|Any CPU.ActiveCfg = Debug|Any CPU
		{2EBD12FA-513A-4316-A03F-BDF709F4D711}.Debug|Any CPU.Build.0 = Debug|Any CPU
		{2EBD12FA-513A-4316-A03F-BDF709F4D711}.Release|Any CPU.ActiveCfg = Release|Any CPU
		{2EBD12FA-513A-4316-A03F-BDF709F4D711}.Release|Any CPU.Build.0 = Release|Any CPU
	EndGlobalSection
	GlobalSection(SolutionProperties) = preSolution
		HideSolutionNode = FALSE
	EndGlobalSection
	GlobalSection(ExtensibilityGlobals) = postSolution
		SolutionGuid = {73608732-7163-407D-A97A-FE955BFB6A13}
	EndGlobalSection
EndGlobal
